
Microsoft Visual Studio Solution File, Format Version 12.00
# Visual Studio Version 16
VisualStudioVersion = 16.0.31019.35
MinimumVisualStudioVersion = 10.0.40219.1
Project("{9A19103F-16F7-4668-BE54-9A1E7A4F7556}") = "WPFTest", "NetBeautyTest\WPFTest\WPFTest.csproj", "{932C8DC7-1EB0-439B-B7AA-BE719712DA82}"
EndProject
Project("{8BC9CEB8-8B4A-11D0-8D11-00A0C91BC942}") = "SumDLL", "NetBeautyTest\SumDLL\SumDLL.vcxproj", "{E1AEAE7F-D867-4700-9A5E-17F2D07BF4F8}"
EndProject
Project("{9A19103F-16F7-4668-BE54-9A1E7A4F7556}") = "nbloader", "nbloader\nbloader.csproj", "{C0CE654E-5977-4BD7-8B57-E387AFA4A2C9}"
EndProject
Project("{9A19103F-16F7-4668-BE54-9A1E7A4F7556}") = "NetBeautyNuget", "NetBeautyNuget\NetBeautyNuget.csproj", "{9349BA9D-380E-4A17-ADF0-8808F389056B}"
EndProject
Project("{9A19103F-16F7-4668-BE54-9A1E7A4F7556}") = "NetBeautyGlobalTool", "NetBeautyGlobalTool\NetBeautyGlobalTool.csproj", "{F8C39C73-EB84-4306-8D81-40315A349824}"
EndProject
Project("{9A19103F-16F7-4668-BE54-9A1E7A4F7556}") = "XamlControlsGallery", "NetBeautyTest\AvaloniaTest\XamlControlsGallery\XamlControlsGallery.csproj", "{68454AE8-1873-485B-A1CF-3FD3F12AC333}"
EndProject
Project("{9A19103F-16F7-4668-BE54-9A1E7A4F7556}") = "AvaloniaTest", "NetBeautyTest\AvaloniaTest\AvaloniaTest\AvaloniaTest.csproj", "{AA8C2E0A-2A7A-4C9C-972D-DC16B8554EA1}"
EndProject
Project("{9A19103F-16F7-4668-BE54-9A1E7A4F7556}") = "WebAppTest", "NetBeautyTest\WebAppTest\WebAppTest.csproj", "{531EFD44-F92D-460E-A336-1E49A112153D}"
EndProject
Project("{9A19103F-16F7-4668-BE54-9A1E7A4F7556}") = "ChromelyTest", "NetBeautyTest\ChromelyTest\ChromelyTest.csproj", "{462B7F5E-BF98-4CF8-A78C-C6D2426B4C38}"
EndProject
Project("{2150E333-8FDC-42A3-9474-1A3956D46DE8}") = "Tests", "Tests", "{892E4718-267A-4854-8127-C77903D24F17}"
EndProject
Project("{2150E333-8FDC-42A3-9474-1A3956D46DE8}") = "Misc", "Misc", "{D46FB834-ACF2-43EC-96D9-9909FC8D58BB}"
EndProject
Project("{2150E333-8FDC-42A3-9474-1A3956D46DE8}") = "NetBeauty", "NetBeauty", "{BC7968B6-2986-48E2-B35C-827A483B0889}"
EndProject
Project("{2150E333-8FDC-42A3-9474-1A3956D46DE8}") = "ShareRuntimeTest", "ShareRuntimeTest", "{3283AE43-F95A-4DF0-940B-D35F1B49DC8B}"
EndProject
Project("{9A19103F-16F7-4668-BE54-9A1E7A4F7556}") = "WsServer", "NetBeautyTest\SharedRuntimeTest\WsServer\WsServer.csproj", "{9B772369-9C0E-4ED6-ABE7-815D12923A83}"
EndProject
Project("{9A19103F-16F7-4668-BE54-9A1E7A4F7556}") = "WsClient", "NetBeautyTest\SharedRuntimeTest\WsClient\WsClient.csproj", "{3DDE26EE-956B-4CBC-A427-C5033F667527}"
EndProject
Project("{FAE04EC0-301F-11D3-BF4B-00C04F79EFBC}") = "NetFxTest", "NetBeautyTest\NetFxTest\NetFxTest.csproj", "{B00BF1D5-D055-456E-869D-1FD75EF20A29}"
EndProject
Global
	GlobalSection(SolutionConfigurationPlatforms) = preSolution
		Debug|Any CPU = Debug|Any CPU
		Debug|x64 = Debug|x64
		Debug|x86 = Debug|x86
		Release|Any CPU = Release|Any CPU
		Release|x64 = Release|x64
		Release|x86 = Release|x86
	EndGlobalSection
	GlobalSection(ProjectConfigurationPlatforms) = postSolution
		{932C8DC7-1EB0-439B-B7AA-BE719712DA82}.Debug|Any CPU.ActiveCfg = Debug|Any CPU
		{932C8DC7-1EB0-439B-B7AA-BE719712DA82}.Debug|Any CPU.Build.0 = Debug|Any CPU
		{932C8DC7-1EB0-439B-B7AA-BE719712DA82}.Debug|x64.ActiveCfg = Debug|x64
		{932C8DC7-1EB0-439B-B7AA-BE719712DA82}.Debug|x64.Build.0 = Debug|x64
		{932C8DC7-1EB0-439B-B7AA-BE719712DA82}.Debug|x86.ActiveCfg = Debug|x86
		{932C8DC7-1EB0-439B-B7AA-BE719712DA82}.Debug|x86.Build.0 = Debug|x86
		{932C8DC7-1EB0-439B-B7AA-BE719712DA82}.Release|Any CPU.ActiveCfg = Release|Any CPU
		{932C8DC7-1EB0-439B-B7AA-BE719712DA82}.Release|Any CPU.Build.0 = Release|Any CPU
		{932C8DC7-1EB0-439B-B7AA-BE719712DA82}.Release|x64.ActiveCfg = Release|x64
		{932C8DC7-1EB0-439B-B7AA-BE719712DA82}.Release|x64.Build.0 = Release|x64
		{932C8DC7-1EB0-439B-B7AA-BE719712DA82}.Release|x86.ActiveCfg = Release|x86
		{932C8DC7-1EB0-439B-B7AA-BE719712DA82}.Release|x86.Build.0 = Release|x86
		{E1AEAE7F-D867-4700-9A5E-17F2D07BF4F8}.Debug|Any CPU.ActiveCfg = Debug|Win32
		{E1AEAE7F-D867-4700-9A5E-17F2D07BF4F8}.Debug|x64.ActiveCfg = Debug|x64
		{E1AEAE7F-D867-4700-9A5E-17F2D07BF4F8}.Debug|x64.Build.0 = Debug|x64
		{E1AEAE7F-D867-4700-9A5E-17F2D07BF4F8}.Debug|x86.ActiveCfg = Debug|Win32
		{E1AEAE7F-D867-4700-9A5E-17F2D07BF4F8}.Debug|x86.Build.0 = Debug|Win32
		{E1AEAE7F-D867-4700-9A5E-17F2D07BF4F8}.Release|Any CPU.ActiveCfg = Release|Win32
		{E1AEAE7F-D867-4700-9A5E-17F2D07BF4F8}.Release|x64.ActiveCfg = Release|x64
		{E1AEAE7F-D867-4700-9A5E-17F2D07BF4F8}.Release|x64.Build.0 = Release|x64
		{E1AEAE7F-D867-4700-9A5E-17F2D07BF4F8}.Release|x86.ActiveCfg = Release|Win32
		{E1AEAE7F-D867-4700-9A5E-17F2D07BF4F8}.Release|x86.Build.0 = Release|Win32
		{C0CE654E-5977-4BD7-8B57-E387AFA4A2C9}.Debug|Any CPU.ActiveCfg = Debug|Any CPU
		{C0CE654E-5977-4BD7-8B57-E387AFA4A2C9}.Debug|Any CPU.Build.0 = Debug|Any CPU
		{C0CE654E-5977-4BD7-8B57-E387AFA4A2C9}.Debug|x64.ActiveCfg = Debug|Any CPU
		{C0CE654E-5977-4BD7-8B57-E387AFA4A2C9}.Debug|x64.Build.0 = Debug|Any CPU
		{C0CE654E-5977-4BD7-8B57-E387AFA4A2C9}.Debug|x86.ActiveCfg = Debug|Any CPU
		{C0CE654E-5977-4BD7-8B57-E387AFA4A2C9}.Debug|x86.Build.0 = Debug|Any CPU
		{C0CE654E-5977-4BD7-8B57-E387AFA4A2C9}.Release|Any CPU.ActiveCfg = Release|Any CPU
		{C0CE654E-5977-4BD7-8B57-E387AFA4A2C9}.Release|Any CPU.Build.0 = Release|Any CPU
		{C0CE654E-5977-4BD7-8B57-E387AFA4A2C9}.Release|x64.ActiveCfg = Release|Any CPU
		{C0CE654E-5977-4BD7-8B57-E387AFA4A2C9}.Release|x64.Build.0 = Release|Any CPU
		{C0CE654E-5977-4BD7-8B57-E387AFA4A2C9}.Release|x86.ActiveCfg = Release|Any CPU
		{C0CE654E-5977-4BD7-8B57-E387AFA4A2C9}.Release|x86.Build.0 = Release|Any CPU
		{9349BA9D-380E-4A17-ADF0-8808F389056B}.Debug|Any CPU.ActiveCfg = Debug|Any CPU
		{9349BA9D-380E-4A17-ADF0-8808F389056B}.Debug|Any CPU.Build.0 = Debug|Any CPU
		{9349BA9D-380E-4A17-ADF0-8808F389056B}.Debug|x64.ActiveCfg = Debug|Any CPU
		{9349BA9D-380E-4A17-ADF0-8808F389056B}.Debug|x64.Build.0 = Debug|Any CPU
		{9349BA9D-380E-4A17-ADF0-8808F389056B}.Debug|x86.ActiveCfg = Debug|Any CPU
		{9349BA9D-380E-4A17-ADF0-8808F389056B}.Debug|x86.Build.0 = Debug|Any CPU
		{9349BA9D-380E-4A17-ADF0-8808F389056B}.Release|Any CPU.ActiveCfg = Release|Any CPU
		{9349BA9D-380E-4A17-ADF0-8808F389056B}.Release|Any CPU.Build.0 = Release|Any CPU
		{9349BA9D-380E-4A17-ADF0-8808F389056B}.Release|x64.ActiveCfg = Release|Any CPU
		{9349BA9D-380E-4A17-ADF0-8808F389056B}.Release|x64.Build.0 = Release|Any CPU
		{9349BA9D-380E-4A17-ADF0-8808F389056B}.Release|x86.ActiveCfg = Release|Any CPU
		{9349BA9D-380E-4A17-ADF0-8808F389056B}.Release|x86.Build.0 = Release|Any CPU
		{F8C39C73-EB84-4306-8D81-40315A349824}.Debug|Any CPU.ActiveCfg = Debug|Any CPU
		{F8C39C73-EB84-4306-8D81-40315A349824}.Debug|Any CPU.Build.0 = Debug|Any CPU
		{F8C39C73-EB84-4306-8D81-40315A349824}.Debug|x64.ActiveCfg = Debug|Any CPU
		{F8C39C73-EB84-4306-8D81-40315A349824}.Debug|x64.Build.0 = Debug|Any CPU
		{F8C39C73-EB84-4306-8D81-40315A349824}.Debug|x86.ActiveCfg = Debug|Any CPU
		{F8C39C73-EB84-4306-8D81-40315A349824}.Debug|x86.Build.0 = Debug|Any CPU
		{F8C39C73-EB84-4306-8D81-40315A349824}.Release|Any CPU.ActiveCfg = Release|Any CPU
		{F8C39C73-EB84-4306-8D81-40315A349824}.Release|Any CPU.Build.0 = Release|Any CPU
		{F8C39C73-EB84-4306-8D81-40315A349824}.Release|x64.ActiveCfg = Release|Any CPU
		{F8C39C73-EB84-4306-8D81-40315A349824}.Release|x64.Build.0 = Release|Any CPU
		{F8C39C73-EB84-4306-8D81-40315A349824}.Release|x86.ActiveCfg = Release|Any CPU
		{F8C39C73-EB84-4306-8D81-40315A349824}.Release|x86.Build.0 = Release|Any CPU
		{68454AE8-1873-485B-A1CF-3FD3F12AC333}.Debug|Any CPU.ActiveCfg = Debug|Any CPU
		{68454AE8-1873-485B-A1CF-3FD3F12AC333}.Debug|Any CPU.Build.0 = Debug|Any CPU
		{68454AE8-1873-485B-A1CF-3FD3F12AC333}.Debug|x64.ActiveCfg = Debug|Any CPU
		{68454AE8-1873-485B-A1CF-3FD3F12AC333}.Debug|x64.Build.0 = Debug|Any CPU
		{68454AE8-1873-485B-A1CF-3FD3F12AC333}.Debug|x86.ActiveCfg = Debug|Any CPU
		{68454AE8-1873-485B-A1CF-3FD3F12AC333}.Debug|x86.Build.0 = Debug|Any CPU
		{68454AE8-1873-485B-A1CF-3FD3F12AC333}.Release|Any CPU.ActiveCfg = Release|Any CPU
		{68454AE8-1873-485B-A1CF-3FD3F12AC333}.Release|Any CPU.Build.0 = Release|Any CPU
		{68454AE8-1873-485B-A1CF-3FD3F12AC333}.Release|x64.ActiveCfg = Release|Any CPU
		{68454AE8-1873-485B-A1CF-3FD3F12AC333}.Release|x64.Build.0 = Release|Any CPU
		{68454AE8-1873-485B-A1CF-3FD3F12AC333}.Release|x86.ActiveCfg = Release|Any CPU
		{68454AE8-1873-485B-A1CF-3FD3F12AC333}.Release|x86.Build.0 = Release|Any CPU
		{AA8C2E0A-2A7A-4C9C-972D-DC16B8554EA1}.Debug|Any CPU.ActiveCfg = Debug|Any CPU
		{AA8C2E0A-2A7A-4C9C-972D-DC16B8554EA1}.Debug|Any CPU.Build.0 = Debug|Any CPU
		{AA8C2E0A-2A7A-4C9C-972D-DC16B8554EA1}.Debug|x64.ActiveCfg = Debug|x64
		{AA8C2E0A-2A7A-4C9C-972D-DC16B8554EA1}.Debug|x64.Build.0 = Debug|x64
		{AA8C2E0A-2A7A-4C9C-972D-DC16B8554EA1}.Debug|x86.ActiveCfg = Debug|x86
		{AA8C2E0A-2A7A-4C9C-972D-DC16B8554EA1}.Debug|x86.Build.0 = Debug|x86
		{AA8C2E0A-2A7A-4C9C-972D-DC16B8554EA1}.Release|Any CPU.ActiveCfg = Release|Any CPU
		{AA8C2E0A-2A7A-4C9C-972D-DC16B8554EA1}.Release|Any CPU.Build.0 = Release|Any CPU
		{AA8C2E0A-2A7A-4C9C-972D-DC16B8554EA1}.Release|x64.ActiveCfg = Release|x64
		{AA8C2E0A-2A7A-4C9C-972D-DC16B8554EA1}.Release|x64.Build.0 = Release|x64
		{AA8C2E0A-2A7A-4C9C-972D-DC16B8554EA1}.Release|x86.ActiveCfg = Release|x86
		{AA8C2E0A-2A7A-4C9C-972D-DC16B8554EA1}.Release|x86.Build.0 = Release|x86
		{531EFD44-F92D-460E-A336-1E49A112153D}.Debug|Any CPU.ActiveCfg = Debug|Any CPU
		{531EFD44-F92D-460E-A336-1E49A112153D}.Debug|Any CPU.Build.0 = Debug|Any CPU
		{531EFD44-F92D-460E-A336-1E49A112153D}.Debug|x64.ActiveCfg = Debug|Any CPU
		{531EFD44-F92D-460E-A336-1E49A112153D}.Debug|x64.Build.0 = Debug|Any CPU
		{531EFD44-F92D-460E-A336-1E49A112153D}.Debug|x86.ActiveCfg = Debug|Any CPU
		{531EFD44-F92D-460E-A336-1E49A112153D}.Debug|x86.Build.0 = Debug|Any CPU
		{531EFD44-F92D-460E-A336-1E49A112153D}.Release|Any CPU.ActiveCfg = Release|Any CPU
		{531EFD44-F92D-460E-A336-1E49A112153D}.Release|Any CPU.Build.0 = Release|Any CPU
		{531EFD44-F92D-460E-A336-1E49A112153D}.Release|x64.ActiveCfg = Release|Any CPU
		{531EFD44-F92D-460E-A336-1E49A112153D}.Release|x64.Build.0 = Release|Any CPU
		{531EFD44-F92D-460E-A336-1E49A112153D}.Release|x86.ActiveCfg = Release|Any CPU
		{531EFD44-F92D-460E-A336-1E49A112153D}.Release|x86.Build.0 = Release|Any CPU
		{462B7F5E-BF98-4CF8-A78C-C6D2426B4C38}.Debug|Any CPU.ActiveCfg = Debug|x64
		{462B7F5E-BF98-4CF8-A78C-C6D2426B4C38}.Debug|x64.ActiveCfg = Debug|x64
		{462B7F5E-BF98-4CF8-A78C-C6D2426B4C38}.Debug|x64.Build.0 = Debug|x64
		{462B7F5E-BF98-4CF8-A78C-C6D2426B4C38}.Debug|x86.ActiveCfg = Debug|x64
		{462B7F5E-BF98-4CF8-A78C-C6D2426B4C38}.Release|Any CPU.ActiveCfg = Release|x64
		{462B7F5E-BF98-4CF8-A78C-C6D2426B4C38}.Release|x64.ActiveCfg = Release|x64
		{462B7F5E-BF98-4CF8-A78C-C6D2426B4C38}.Release|x64.Build.0 = Release|x64
		{462B7F5E-BF98-4CF8-A78C-C6D2426B4C38}.Release|x86.ActiveCfg = Release|x64
		{9B772369-9C0E-4ED6-ABE7-815D12923A83}.Debug|Any CPU.ActiveCfg = Debug|Any CPU
		{9B772369-9C0E-4ED6-ABE7-815D12923A83}.Debug|Any CPU.Build.0 = Debug|Any CPU
		{9B772369-9C0E-4ED6-ABE7-815D12923A83}.Debug|x64.ActiveCfg = Debug|Any CPU
		{9B772369-9C0E-4ED6-ABE7-815D12923A83}.Debug|x64.Build.0 = Debug|Any CPU
		{9B772369-9C0E-4ED6-ABE7-815D12923A83}.Debug|x86.ActiveCfg = Debug|Any CPU
		{9B772369-9C0E-4ED6-ABE7-815D12923A83}.Debug|x86.Build.0 = Debug|Any CPU
		{9B772369-9C0E-4ED6-ABE7-815D12923A83}.Release|Any CPU.ActiveCfg = Release|Any CPU
		{9B772369-9C0E-4ED6-ABE7-815D12923A83}.Release|Any CPU.Build.0 = Release|Any CPU
		{9B772369-9C0E-4ED6-ABE7-815D12923A83}.Release|x64.ActiveCfg = Release|Any CPU
		{9B772369-9C0E-4ED6-ABE7-815D12923A83}.Release|x64.Build.0 = Release|Any CPU
		{9B772369-9C0E-4ED6-ABE7-815D12923A83}.Release|x86.ActiveCfg = Release|Any CPU
		{9B772369-9C0E-4ED6-ABE7-815D12923A83}.Release|x86.Build.0 = Release|Any CPU
		{3DDE26EE-956B-4CBC-A427-C5033F667527}.Debug|Any CPU.ActiveCfg = Debug|Any CPU
		{3DDE26EE-956B-4CBC-A427-C5033F667527}.Debug|Any CPU.Build.0 = Debug|Any CPU
		{3DDE26EE-956B-4CBC-A427-C5033F667527}.Debug|x64.ActiveCfg = Debug|Any CPU
		{3DDE26EE-956B-4CBC-A427-C5033F667527}.Debug|x64.Build.0 = Debug|Any CPU
		{3DDE26EE-956B-4CBC-A427-C5033F667527}.Debug|x86.ActiveCfg = Debug|Any CPU
		{3DDE26EE-956B-4CBC-A427-C5033F667527}.Debug|x86.Build.0 = Debug|Any CPU
		{3DDE26EE-956B-4CBC-A427-C5033F667527}.Release|Any CPU.ActiveCfg = Release|Any CPU
		{3DDE26EE-956B-4CBC-A427-C5033F667527}.Release|Any CPU.Build.0 = Release|Any CPU
		{3DDE26EE-956B-4CBC-A427-C5033F667527}.Release|x64.ActiveCfg = Release|Any CPU
		{3DDE26EE-956B-4CBC-A427-C5033F667527}.Release|x64.Build.0 = Release|Any CPU
		{3DDE26EE-956B-4CBC-A427-C5033F667527}.Release|x86.ActiveCfg = Release|Any CPU
		{3DDE26EE-956B-4CBC-A427-C5033F667527}.Release|x86.Build.0 = Release|Any CPU
		{B00BF1D5-D055-456E-869D-1FD75EF20A29}.Debug|Any CPU.ActiveCfg = Debug|Any CPU
		{B00BF1D5-D055-456E-869D-1FD75EF20A29}.Debug|Any CPU.Build.0 = Debug|Any CPU
		{B00BF1D5-D055-456E-869D-1FD75EF20A29}.Debug|x64.ActiveCfg = Debug|Any CPU
		{B00BF1D5-D055-456E-869D-1FD75EF20A29}.Debug|x64.Build.0 = Debug|Any CPU
		{B00BF1D5-D055-456E-869D-1FD75EF20A29}.Debug|x86.ActiveCfg = Debug|Any CPU
		{B00BF1D5-D055-456E-869D-1FD75EF20A29}.Debug|x86.Build.0 = Debug|Any CPU
		{B00BF1D5-D055-456E-869D-1FD75EF20A29}.Release|Any CPU.ActiveCfg = Release|Any CPU
		{B00BF1D5-D055-456E-869D-1FD75EF20A29}.Release|Any CPU.Build.0 = Release|Any CPU
		{B00BF1D5-D055-456E-869D-1FD75EF20A29}.Release|x64.ActiveCfg = Release|Any CPU
		{B00BF1D5-D055-456E-869D-1FD75EF20A29}.Release|x64.Build.0 = Release|Any CPU
		{B00BF1D5-D055-456E-869D-1FD75EF20A29}.Release|x86.ActiveCfg = Release|Any CPU
		{B00BF1D5-D055-456E-869D-1FD75EF20A29}.Release|x86.Build.0 = Release|Any CPU
	EndGlobalSection
	GlobalSection(SolutionProperties) = preSolution
		HideSolutionNode = FALSE
	EndGlobalSection
	GlobalSection(NestedProjects) = preSolution
		{932C8DC7-1EB0-439B-B7AA-BE719712DA82} = {892E4718-267A-4854-8127-C77903D24F17}
		{E1AEAE7F-D867-4700-9A5E-17F2D07BF4F8} = {D46FB834-ACF2-43EC-96D9-9909FC8D58BB}
		{C0CE654E-5977-4BD7-8B57-E387AFA4A2C9} = {D46FB834-ACF2-43EC-96D9-9909FC8D58BB}
		{9349BA9D-380E-4A17-ADF0-8808F389056B} = {BC7968B6-2986-48E2-B35C-827A483B0889}
		{F8C39C73-EB84-4306-8D81-40315A349824} = {BC7968B6-2986-48E2-B35C-827A483B0889}
		{68454AE8-1873-485B-A1CF-3FD3F12AC333} = {D46FB834-ACF2-43EC-96D9-9909FC8D58BB}
		{AA8C2E0A-2A7A-4C9C-972D-DC16B8554EA1} = {892E4718-267A-4854-8127-C77903D24F17}
		{531EFD44-F92D-460E-A336-1E49A112153D} = {892E4718-267A-4854-8127-C77903D24F17}
		{462B7F5E-BF98-4CF8-A78C-C6D2426B4C38} = {892E4718-267A-4854-8127-C77903D24F17}
		{3283AE43-F95A-4DF0-940B-D35F1B49DC8B} = {892E4718-267A-4854-8127-C77903D24F17}
		{9B772369-9C0E-4ED6-ABE7-815D12923A83} = {3283AE43-F95A-4DF0-940B-D35F1B49DC8B}
		{3DDE26EE-956B-4CBC-A427-C5033F667527} = {3283AE43-F95A-4DF0-940B-D35F1B49DC8B}
		{B00BF1D5-D055-456E-869D-1FD75EF20A29} = {892E4718-267A-4854-8127-C77903D24F17}
	EndGlobalSection
	GlobalSection(ExtensibilityGlobals) = postSolution
		SolutionGuid = {E6C30250-7EA2-4421-A76A-39E93BF71486}
	EndGlobalSection
EndGlobal
